
Microsoft Visual Studio Solution File, Format Version 12.00
# Visual Studio Version 17
VisualStudioVersion = 17.4.33103.184
MinimumVisualStudioVersion = 10.0.40219.1
Project("{FAE04EC0-301F-11D3-BF4B-00C04F79EFBC}") = "Ejercicio1", "Ejercicio1.csproj", "{80171857-D5A7-47C4-A5A9-6026C0CEBE89}"
EndProject
Global
	GlobalSection(SolutionConfigurationPlatforms) = preSolution
		Debug|Any CPU = Debug|Any CPU
		Release|Any CPU = Release|Any CPU
	EndGlobalSection
	GlobalSection(ProjectConfigurationPlatforms) = postSolution
		{80171857-D5A7-47C4-A5A9-6026C0CEBE89}.Debug|Any CPU.ActiveCfg = Debug|Any CPU
		{80171857-D5A7-47C4-A5A9-6026C0CEBE89}.Debug|Any CPU.Build.0 = Debug|Any CPU
		{80171857-D5A7-47C4-A5A9-6026C0CEBE89}.Release|Any CPU.ActiveCfg = Release|Any CPU
		{80171857-D5A7-47C4-A5A9-6026C0CEBE89}.Release|Any CPU.Build.0 = Release|Any CPU
	EndGlobalSection
	GlobalSection(SolutionProperties) = preSolution
		HideSolutionNode = FALSE
	EndGlobalSection
	GlobalSection(ExtensibilityGlobals) = postSolution
		SolutionGuid = {DE3B50AB-5B23-4A21-97B1-5A537CE2BD97}
	EndGlobalSection
EndGlobal
